
Microsoft Visual Studio Solution File, Format Version 12.00
# Visual Studio Version 17
VisualStudioVersion = 17.6.33815.320
MinimumVisualStudioVersion = 10.0.40219.1
Project("{FAE04EC0-301F-11D3-BF4B-00C04F79EFBC}") = "Практическая работа №1", "Практическая работа №1\Практическая работа №1.csproj", "{421B86FD-3EC0-4D9F-85B9-0456F2FC587F}"
EndProject
Project("{FAE04EC0-301F-11D3-BF4B-00C04F79EFBC}") = "Lib_6", "Lib_6\Lib_6.csproj", "{8C7157F2-BE36-4B8A-A1CB-D1B27E8BF34A}"
EndProject
Global
	GlobalSection(SolutionConfigurationPlatforms) = preSolution
		Debug|Any CPU = Debug|Any CPU
		Release|Any CPU = Release|Any CPU
	EndGlobalSection
	GlobalSection(ProjectConfigurationPlatforms) = postSolution
		{421B86FD-3EC0-4D9F-85B9-0456F2FC587F}.Debug|Any CPU.ActiveCfg = Debug|Any CPU
		{421B86FD-3EC0-4D9F-85B9-0456F2FC587F}.Debug|Any CPU.Build.0 = Debug|Any CPU
		{421B86FD-3EC0-4D9F-85B9-0456F2FC587F}.Release|Any CPU.ActiveCfg = Release|Any CPU
		{421B86FD-3EC0-4D9F-85B9-0456F2FC587F}.Release|Any CPU.Build.0 = Release|Any CPU
		{8C7157F2-BE36-4B8A-A1CB-D1B27E8BF34A}.Debug|Any CPU.ActiveCfg = Debug|Any CPU
		{8C7157F2-BE36-4B8A-A1CB-D1B27E8BF34A}.Debug|Any CPU.Build.0 = Debug|Any CPU
		{8C7157F2-BE36-4B8A-A1CB-D1B27E8BF34A}.Release|Any CPU.ActiveCfg = Release|Any CPU
		{8C7157F2-BE36-4B8A-A1CB-D1B27E8BF34A}.Release|Any CPU.Build.0 = Release|Any CPU
	EndGlobalSection
	GlobalSection(SolutionProperties) = preSolution
		HideSolutionNode = FALSE
	EndGlobalSection
	GlobalSection(ExtensibilityGlobals) = postSolution
		SolutionGuid = {385389F4-3416-4E94-9EF2-00C7155B15C8}
	EndGlobalSection
EndGlobal
